
Microsoft Visual Studio Solution File, Format Version 12.00
# Visual Studio Version 16
VisualStudioVersion = 16.0.30204.135
MinimumVisualStudioVersion = 10.0.40219.1
Project("{FAE04EC0-301F-11D3-BF4B-00C04F79EFBC}") = "CelsiusToFahrenheitandViceVersa", "CelsiusToFahrenheitandViceVersa\CelsiusToFahrenheitandViceVersa.csproj", "{0B710128-80AA-4D48-898B-1F7BA8D88C7B}"
EndProject
Global
	GlobalSection(SolutionConfigurationPlatforms) = preSolution
		Debug|Any CPU = Debug|Any CPU
		Release|Any CPU = Release|Any CPU
	EndGlobalSection
	GlobalSection(ProjectConfigurationPlatforms) = postSolution
		{0B710128-80AA-4D48-898B-1F7BA8D88C7B}.Debug|Any CPU.ActiveCfg = Debug|Any CPU
		{0B710128-80AA-4D48-898B-1F7BA8D88C7B}.Debug|Any CPU.Build.0 = Debug|Any CPU
		{0B710128-80AA-4D48-898B-1F7BA8D88C7B}.Release|Any CPU.ActiveCfg = Release|Any CPU
		{0B710128-80AA-4D48-898B-1F7BA8D88C7B}.Release|Any CPU.Build.0 = Release|Any CPU
	EndGlobalSection
	GlobalSection(SolutionProperties) = preSolution
		HideSolutionNode = FALSE
	EndGlobalSection
	GlobalSection(ExtensibilityGlobals) = postSolution
		SolutionGuid = {06D21084-C808-401F-AC38-2B03CD163BB9}
	EndGlobalSection
EndGlobal
