
Microsoft Visual Studio Solution File, Format Version 12.00
# Visual Studio Version 16
VisualStudioVersion = 16.0.30204.135
MinimumVisualStudioVersion = 10.0.40219.1
Project("{F184B08F-C81C-45F6-A57F-5ABD9991F28F}") = "ASPDemo", "ASPDemo\ASPDemo.vbproj", "{8CF9E4AF-9442-4DE7-A4AE-168005C75ABA}"
EndProject
Global
	GlobalSection(SolutionConfigurationPlatforms) = preSolution
		Debug|Any CPU = Debug|Any CPU
		Release|Any CPU = Release|Any CPU
	EndGlobalSection
	GlobalSection(ProjectConfigurationPlatforms) = postSolution
		{8CF9E4AF-9442-4DE7-A4AE-168005C75ABA}.Debug|Any CPU.ActiveCfg = Debug|Any CPU
		{8CF9E4AF-9442-4DE7-A4AE-168005C75ABA}.Debug|Any CPU.Build.0 = Debug|Any CPU
		{8CF9E4AF-9442-4DE7-A4AE-168005C75ABA}.Release|Any CPU.ActiveCfg = Release|Any CPU
		{8CF9E4AF-9442-4DE7-A4AE-168005C75ABA}.Release|Any CPU.Build.0 = Release|Any CPU
	EndGlobalSection
	GlobalSection(SolutionProperties) = preSolution
		HideSolutionNode = FALSE
	EndGlobalSection
	GlobalSection(ExtensibilityGlobals) = postSolution
		SolutionGuid = {D04D859E-68F5-4B13-9F66-532E1626C3CA}
	EndGlobalSection
EndGlobal
